
Microsoft Visual Studio Solution File, Format Version 12.00
# Visual Studio Version 16
VisualStudioVersion = 16.0.33529.622
MinimumVisualStudioVersion = 10.0.40219.1
Project("{FAE04EC0-301F-11D3-BF4B-00C04F79EFBC}") = "PhoneBook", "PhoneBook\PhoneBook.csproj", "{4839B835-9118-4DD0-BE72-E18A2DD79C6F}"
EndProject
Global
	GlobalSection(SolutionConfigurationPlatforms) = preSolution
		Debug|Any CPU = Debug|Any CPU
		Release|Any CPU = Release|Any CPU
	EndGlobalSection
	GlobalSection(ProjectConfigurationPlatforms) = postSolution
		{4839B835-9118-4DD0-BE72-E18A2DD79C6F}.Debug|Any CPU.ActiveCfg = Debug|Any CPU
		{4839B835-9118-4DD0-BE72-E18A2DD79C6F}.Debug|Any CPU.Build.0 = Debug|Any CPU
		{4839B835-9118-4DD0-BE72-E18A2DD79C6F}.Release|Any CPU.ActiveCfg = Release|Any CPU
		{4839B835-9118-4DD0-BE72-E18A2DD79C6F}.Release|Any CPU.Build.0 = Release|Any CPU
	EndGlobalSection
	GlobalSection(SolutionProperties) = preSolution
		HideSolutionNode = FALSE
	EndGlobalSection
	GlobalSection(ExtensibilityGlobals) = postSolution
		SolutionGuid = {9B485C1C-D1D2-4E78-96CD-F494A6A258F1}
	EndGlobalSection
EndGlobal
